{
  "name": "apweb",
  "version": "1.0.0",
  "lockfileVersion": 1,
  "requires": true,
  "dependencies": {
    "@koumoul/vjsf": {
      "version": "1.17.1",
      "resolved": "https://registry.npmjs.org/@koumoul/vjsf/-/vjsf-1.17.1.tgz",
      "integrity": "sha512-nEvp8QKAF3zrAKk9VOXzFtzVzbFZPj/0UdHfO4KS7RHY3OmCR9xizQYm9jri7nu0CiBXQahkqD5ZP47mz9BYGg==",
      "requires": {
        "@mdi/js": "^5.5.55",
        "debounce": "^1.2.0",
        "markdown-it": "^8.4.2",
        "match-all": "^1.2.5",
        "property-expr": "^1.5.1",
        "vuedraggable": "^2.23.0"
      },
      "dependencies": {
        "@mdi/js": {
          "version": "5.8.55",
          "resolved": "https://registry.npmjs.org/@mdi/js/-/js-5.8.55.tgz",
          "integrity": "sha512-2bvln56SW6V/nSDC/0/NTu1bMF/CgSyZox8mcWbAPWElBN3UYIrukKDUckEER8ifr8X2YJl1RLKQqi7T7qLzmg=="
        }
      }
    },
    "@mdi/font": {
      "version": "4.7.95",
      "resolved": "https://registry.npmjs.org/@mdi/font/-/font-4.7.95.tgz",
      "integrity": "sha512-/SWooHIFz2dXkQJk3VhEXSbBplOU1lIkGSELAmw0peFEgR8KPqyM//M3vD8WDZETuEOSRVhVqLevP3okrsM5dw=="
    },
    "@mdi/js": {
      "version": "4.7.95",
      "resolved": "https://registry.npmjs.org/@mdi/js/-/js-4.7.95.tgz",
      "integrity": "sha512-npzFZFA+PqNOuUkGjXRCvQ1lUet5lPuus5bi888+nXwqOYkGGqx/LzrKE3RLxrkc8ZTbF674UumMqq+R/RfBfw=="
    },
    "argparse": {
      "version": "1.0.10",
      "resolved": "https://registry.npmjs.org/argparse/-/argparse-1.0.10.tgz",
      "integrity": "sha512-o5Roy6tNG4SL/FOkCAN6RzjiakZS25RLYFrcMttJqbdd8BWrnA+fGz57iN5Pb06pvBGvl5gQ0B48dJlslXvoTg==",
      "requires": {
        "sprintf-js": "~1.0.2"
      }
    },
    "axios": {
      "version": "0.18.1",
      "resolved": "https://registry.npmjs.org/axios/-/axios-0.18.1.tgz",
      "integrity": "sha512-0BfJq4NSfQXd+SkFdrvFbG7addhYSBA2mQwISr46pD6E5iqkWg02RAs8vyTT/j0RTnoYmeXauBuSv1qKwR179g==",
      "requires": {
        "follow-redirects": "1.5.10",
        "is-buffer": "^2.0.2"
      }
    },
    "core-js": {
      "version": "2.6.11",
      "resolved": "https://registry.npmjs.org/core-js/-/core-js-2.6.11.tgz",
      "integrity": "sha512-5wjnpaT/3dV+XB4borEsnAYQchn00XSgTAWKDkEqv+K8KevjbzmofK6hfJ9TZIlpj2N0xQpazy7PiRQiWHqzWg=="
    },
    "debounce": {
      "version": "1.2.0",
      "resolved": "https://registry.npmjs.org/debounce/-/debounce-1.2.0.tgz",
      "integrity": "sha512-mYtLl1xfZLi1m4RtQYlZgJUNQjl4ZxVnHzIR8nLLgi4q1YT8o/WM+MK/f8yfcc9s5Ir5zRaPZyZU6xs1Syoocg=="
    },
    "debug": {
      "version": "3.1.0",
      "resolved": "https://registry.npmjs.org/debug/-/debug-3.1.0.tgz",
      "integrity": "sha512-OX8XqP7/1a9cqkxYw2yXss15f26NKWBpDXQd0/uK/KPqdQhxbPa994hnzjcE2VqQpDslf55723cKPUOGSmMY3g==",
      "requires": {
        "ms": "2.0.0"
      }
    },
    "entities": {
      "version": "1.1.2",
      "resolved": "https://registry.npmjs.org/entities/-/entities-1.1.2.tgz",
      "integrity": "sha512-f2LZMYl1Fzu7YSBKg+RoROelpOaNrcGmE9AZubeDfrCEia483oW4MI4VyFd5VNHIgQ/7qm1I0wUHK1eJnn2y2w=="
    },
    "follow-redirects": {
      "version": "1.5.10",
      "resolved": "https://registry.npmjs.org/follow-redirects/-/follow-redirects-1.5.10.tgz",
      "integrity": "sha512-0V5l4Cizzvqt5D44aTXbFZz+FtyXV1vrDN6qrelxtfYQKW0KO0W2T/hkE8xvGa/540LkZlkaUjO4ailYTFtHVQ==",
      "requires": {
        "debug": "=3.1.0"
      }
    },
    "is-buffer": {
      "version": "2.0.4",
      "resolved": "https://registry.npmjs.org/is-buffer/-/is-buffer-2.0.4.tgz",
      "integrity": "sha512-Kq1rokWXOPXWuaMAqZiJW4XxsmD9zGx9q4aePabbn3qCRGedtH7Cm+zV8WETitMfu1wdh+Rvd6w5egwSngUX2A=="
    },
    "linkify-it": {
      "version": "2.2.0",
      "resolved": "https://registry.npmjs.org/linkify-it/-/linkify-it-2.2.0.tgz",
      "integrity": "sha512-GnAl/knGn+i1U/wjBz3akz2stz+HrHLsxMwHQGofCDfPvlf+gDKN58UtfmUquTY4/MXeE2x7k19KQmeoZi94Iw==",
      "requires": {
        "uc.micro": "^1.0.1"
      }
    },
    "markdown-it": {
      "version": "8.4.2",
      "resolved": "https://registry.npmjs.org/markdown-it/-/markdown-it-8.4.2.tgz",
      "integrity": "sha512-GcRz3AWTqSUphY3vsUqQSFMbgR38a4Lh3GWlHRh/7MRwz8mcu9n2IO7HOh+bXHrR9kOPDl5RNCaEsrneb+xhHQ==",
      "requires": {
        "argparse": "^1.0.7",
        "entities": "~1.1.1",
        "linkify-it": "^2.0.0",
        "mdurl": "^1.0.1",
        "uc.micro": "^1.0.5"
      }
    },
    "match-all": {
      "version": "1.2.5",
      "resolved": "https://registry.npmjs.org/match-all/-/match-all-1.2.5.tgz",
      "integrity": "sha512-KW4trRDMYbVkAKZ1J655vh0931mk3XM1lIJ480TXUL3KBrOsZ6WpryYJELonvtXC1O4erLYB069uHidLkswbjQ=="
    },
    "material-design-icons-iconfont": {
      "version": "3.0.3",
      "resolved": "https://registry.npmjs.org/material-design-icons-iconfont/-/material-design-icons-iconfont-3.0.3.tgz",
      "integrity": "sha1-FUoQhAR9Ticjf6f1o34Qdc7qbfI="
    },
    "mdurl": {
      "version": "1.0.1",
      "resolved": "https://registry.npmjs.org/mdurl/-/mdurl-1.0.1.tgz",
      "integrity": "sha1-/oWy7HWlkDfyrf7BAP1sYBdhFS4="
    },
    "ms": {
      "version": "2.0.0",
      "resolved": "https://registry.npmjs.org/ms/-/ms-2.0.0.tgz",
      "integrity": "sha1-VgiurfwAvmwpAd9fmGF4jeDVl8g="
    },
    "property-expr": {
      "version": "1.5.1",
      "resolved": "https://registry.npmjs.org/property-expr/-/property-expr-1.5.1.tgz",
      "integrity": "sha512-CGuc0VUTGthpJXL36ydB6jnbyOf/rAHFvmVrJlH+Rg0DqqLFQGAP6hIaxD/G0OAmBJPhXDHuEJigrp0e0wFV6g=="
    },
    "roboto-fontface": {
      "version": "0.10.0",
      "resolved": "https://registry.npmjs.org/roboto-fontface/-/roboto-fontface-0.10.0.tgz",
      "integrity": "sha512-OlwfYEgA2RdboZohpldlvJ1xngOins5d7ejqnIBWr9KaMxsnBqotpptRXTyfNRLnFpqzX6sTDt+X+a+6udnU8g=="
    },
    "sortablejs": {
      "version": "1.10.2",
      "resolved": "https://registry.npmjs.org/sortablejs/-/sortablejs-1.10.2.tgz",
      "integrity": "sha512-YkPGufevysvfwn5rfdlGyrGjt7/CRHwvRPogD/lC+TnvcN29jDpCifKP+rBqf+LRldfXSTh+0CGLcSg0VIxq3A=="
    },
    "sprintf-js": {
      "version": "1.0.3",
      "resolved": "https://registry.npmjs.org/sprintf-js/-/sprintf-js-1.0.3.tgz",
      "integrity": "sha1-BOaSb2YolTVPPdAVIDYzuFcpfiw="
    },
    "uc.micro": {
      "version": "1.0.6",
      "resolved": "https://registry.npmjs.org/uc.micro/-/uc.micro-1.0.6.tgz",
      "integrity": "sha512-8Y75pvTYkLJW2hWQHXxoqRgV7qb9B+9vFEtidML+7koHUFapnVJAZ6cKs+Qjz5Aw3aZWHMC6u0wJE3At+nSGwA=="
    },
    "vuedraggable": {
      "version": "2.23.2",
      "resolved": "https://registry.npmjs.org/vuedraggable/-/vuedraggable-2.23.2.tgz",
      "integrity": "sha512-PgHCjUpxEAEZJq36ys49HfQmXglattf/7ofOzUrW2/rRdG7tu6fK84ir14t1jYv4kdXewTEa2ieKEAhhEMdwkQ==",
      "requires": {
        "sortablejs": "^1.10.1"
      }
    },
    "vuetify": {
      "version": "2.3.19",
      "resolved": "https://registry.npmjs.org/vuetify/-/vuetify-2.3.19.tgz",
      "integrity": "sha512-xqaiSEv0SUrzcoYU/N+orF7crRrhFkZt2ZPSDyPdHhiL6vMOFSYyz0OyGX3lAFykX/FJJMkNPgYTdg1l7WD1jA=="
    }
  }
}
